
Microsoft Visual Studio Solution File, Format Version 12.00
# Visual Studio 14
VisualStudioVersion = 14.0.24720.0
MinimumVisualStudioVersion = 10.0.40219.1
Project("{FAE04EC0-301F-11D3-BF4B-00C04F79EFBC}") = "Shaders", "Shaders\Shaders.csproj", "{802D0C28-D52E-4718-8A42-28B72FAB05E5}"
EndProject
Project("{2150E333-8FDC-42A3-9474-1A3956D46DE8}") = "Tools", "Tools", "{0306BFB8-4DB5-4877-8345-8A764A28E689}"
EndProject
Project("{FAE04EC0-301F-11D3-BF4B-00C04F79EFBC}") = "AnimationMaker", "AnimationMaker\AnimationMaker.csproj", "{89702D86-190A-4C0D-A751-EBBA9C3598D1}"
EndProject
Project("{FAE04EC0-301F-11D3-BF4B-00C04F79EFBC}") = "Kokoro.FSWriter", "Kokoro.FSWriter\Kokoro.FSWriter.csproj", "{0E6B4980-4A7E-4E4A-A2F9-615E5602F2C7}"
EndProject
Project("{FAE04EC0-301F-11D3-BF4B-00C04F79EFBC}") = "Kokoro.Irradiate", "Kokoro.Irradiate\Kokoro.Irradiate.csproj", "{701DFB6D-7953-460F-A8A9-FB347E9EC72C}"
EndProject
Project("{FAE04EC0-301F-11D3-BF4B-00C04F79EFBC}") = "Kokoro.Tools.Launcher", "Kokoro.Tools.Launcher\Kokoro.Tools.Launcher.csproj", "{BEF08237-331E-414D-83D4-72BA0B76A98A}"
EndProject
Project("{2150E333-8FDC-42A3-9474-1A3956D46DE8}") = "Kokoro Demos", "Kokoro Demos", "{BF8307A1-6073-47EC-85EF-FD68B3EF582A}"
EndProject
Project("{2150E333-8FDC-42A3-9474-1A3956D46DE8}") = "Kokoro.Engine", "Kokoro.Engine", "{35FBC9E0-CFBE-493E-B208-B6C1CC9C6769}"
EndProject
Project("{FAE04EC0-301F-11D3-BF4B-00C04F79EFBC}") = "Kokoro.Shaders", "Kokoro.Shaders\Kokoro.Shaders.csproj", "{3CC9E16B-C337-420E-A9D2-D7203CE4ABFE}"
EndProject
Project("{FAE04EC0-301F-11D3-BF4B-00C04F79EFBC}") = "Kokoro.Launcher", "Kokoro.Launcher\Kokoro.Launcher.csproj", "{C87C967A-56C2-4340-91B1-E04B7C639F0B}"
EndProject
Project("{2150E333-8FDC-42A3-9474-1A3956D46DE8}") = "Akane Demos", "Akane Demos", "{6ED43B58-CBFE-45B3-B24A-AAC955F18CFE}"
EndProject
Project("{2150E333-8FDC-42A3-9474-1A3956D46DE8}") = "Akane.Engine", "Akane.Engine", "{B093D051-CCB5-40FA-8FA1-24B1D5C13AAB}"
EndProject
Project("{FAE04EC0-301F-11D3-BF4B-00C04F79EFBC}") = "Akane", "Akane\Akane.csproj", "{2C15B0E5-565B-450C-B25D-2745A8B0E9E2}"
EndProject
Project("{FAE04EC0-301F-11D3-BF4B-00C04F79EFBC}") = "Akane.Launcher", "Akane.Launcher\Akane.Launcher.csproj", "{B27D0C4E-2654-4ED1-B67F-56C4BD48B0C6}"
EndProject
Project("{FAE04EC0-301F-11D3-BF4B-00C04F79EFBC}") = "Akane.Shaders", "Akane.Shaders\Akane.Shaders.csproj", "{02262FDE-922E-41C3-9E29-C88D466522A4}"
EndProject
Project("{2150E333-8FDC-42A3-9474-1A3956D46DE8}") = "Kokoro.Editor", "Kokoro.Editor", "{4A5A5F0C-C134-47F4-8A57-5453797A9DE7}"
EndProject
Project("{2150E333-8FDC-42A3-9474-1A3956D46DE8}") = "Solution Items", "Solution Items", "{8CCB510A-E4D2-4C2D-ADA6-C4CCB0E4DDA2}"
	ProjectSection(SolutionItems) = preProject
		README.md = README.md
	EndProjectSection
EndProject
Project("{FAE04EC0-301F-11D3-BF4B-00C04F79EFBC}") = "Kokoro.ContentPipeline", "Kokoro.ContentPipeline\Kokoro.ContentPipeline.csproj", "{45400486-BF2D-4090-BE73-A6F4201344F8}"
EndProject
Project("{FAE04EC0-301F-11D3-BF4B-00C04F79EFBC}") = "Kokoro.PDMapGen", "Kokoro.PDMapGen\Kokoro.PDMapGen.csproj", "{1668AA59-900F-4F95-B094-6828AE68E409}"
EndProject
Project("{FAE04EC0-301F-11D3-BF4B-00C04F79EFBC}") = "GL_GPULimitProber", "GL_GPULimitProber\GL_GPULimitProber.csproj", "{B07B64BF-874A-4E9E-85A5-F3D38771DE21}"
EndProject
Project("{FAE04EC0-301F-11D3-BF4B-00C04F79EFBC}") = "Kokoro2", "Kokoro2\Kokoro2.csproj", "{DB0A76C9-B908-4C67-B1D0-31559C480A4A}"
EndProject
Project("{FAE04EC0-301F-11D3-BF4B-00C04F79EFBC}") = "Kokoro.IDE", "KokoroIDE\Kokoro.IDE.csproj", "{3A712A26-21E5-4FBB-AB0B-16C1BE7AF44B}"
EndProject
Project("{FAE04EC0-301F-11D3-BF4B-00C04F79EFBC}") = "Sandbox", "Sandbox\Sandbox.csproj", "{CFF25FA6-291D-4860-AEBB-AD2A55AB849B}"
EndProject
Project("{2150E333-8FDC-42A3-9474-1A3956D46DE8}") = "Games", "Games", "{D7DA6295-C9BF-4FB1-A871-0D4A899EB5D1}"
EndProject
Project("{FAE04EC0-301F-11D3-BF4B-00C04F79EFBC}") = "AGRacing", "AGRacing\AGRacing.csproj", "{67732C31-550D-4387-9B2B-6FDFB4EE205B}"
EndProject
Global
	GlobalSection(Performance) = preSolution
		HasPerformanceSessions = true
	EndGlobalSection
	GlobalSection(SolutionConfigurationPlatforms) = preSolution
		Debug|Any CPU = Debug|Any CPU
		Debug|x64 = Debug|x64
		Debug|x86 = Debug|x86
		Release|Any CPU = Release|Any CPU
		Release|x64 = Release|x64
		Release|x86 = Release|x86
	EndGlobalSection
	GlobalSection(ProjectConfigurationPlatforms) = postSolution
		{802D0C28-D52E-4718-8A42-28B72FAB05E5}.Debug|Any CPU.ActiveCfg = Debug|Any CPU
		{802D0C28-D52E-4718-8A42-28B72FAB05E5}.Debug|Any CPU.Build.0 = Debug|Any CPU
		{802D0C28-D52E-4718-8A42-28B72FAB05E5}.Debug|x64.ActiveCfg = Debug|Any CPU
		{802D0C28-D52E-4718-8A42-28B72FAB05E5}.Debug|x64.Build.0 = Debug|Any CPU
		{802D0C28-D52E-4718-8A42-28B72FAB05E5}.Debug|x86.ActiveCfg = Debug|Any CPU
		{802D0C28-D52E-4718-8A42-28B72FAB05E5}.Debug|x86.Build.0 = Debug|Any CPU
		{802D0C28-D52E-4718-8A42-28B72FAB05E5}.Release|Any CPU.ActiveCfg = Release|Any CPU
		{802D0C28-D52E-4718-8A42-28B72FAB05E5}.Release|Any CPU.Build.0 = Release|Any CPU
		{802D0C28-D52E-4718-8A42-28B72FAB05E5}.Release|x64.ActiveCfg = Release|Any CPU
		{802D0C28-D52E-4718-8A42-28B72FAB05E5}.Release|x64.Build.0 = Release|Any CPU
		{802D0C28-D52E-4718-8A42-28B72FAB05E5}.Release|x86.ActiveCfg = Release|Any CPU
		{802D0C28-D52E-4718-8A42-28B72FAB05E5}.Release|x86.Build.0 = Release|Any CPU
		{89702D86-190A-4C0D-A751-EBBA9C3598D1}.Debug|Any CPU.ActiveCfg = Debug|Any CPU
		{89702D86-190A-4C0D-A751-EBBA9C3598D1}.Debug|Any CPU.Build.0 = Debug|Any CPU
		{89702D86-190A-4C0D-A751-EBBA9C3598D1}.Debug|x64.ActiveCfg = Debug|Any CPU
		{89702D86-190A-4C0D-A751-EBBA9C3598D1}.Debug|x64.Build.0 = Debug|Any CPU
		{89702D86-190A-4C0D-A751-EBBA9C3598D1}.Debug|x86.ActiveCfg = Debug|Any CPU
		{89702D86-190A-4C0D-A751-EBBA9C3598D1}.Debug|x86.Build.0 = Debug|Any CPU
		{89702D86-190A-4C0D-A751-EBBA9C3598D1}.Release|Any CPU.ActiveCfg = Release|Any CPU
		{89702D86-190A-4C0D-A751-EBBA9C3598D1}.Release|Any CPU.Build.0 = Release|Any CPU
		{89702D86-190A-4C0D-A751-EBBA9C3598D1}.Release|x64.ActiveCfg = Release|Any CPU
		{89702D86-190A-4C0D-A751-EBBA9C3598D1}.Release|x64.Build.0 = Release|Any CPU
		{89702D86-190A-4C0D-A751-EBBA9C3598D1}.Release|x86.ActiveCfg = Release|Any CPU
		{89702D86-190A-4C0D-A751-EBBA9C3598D1}.Release|x86.Build.0 = Release|Any CPU
		{0E6B4980-4A7E-4E4A-A2F9-615E5602F2C7}.Debug|Any CPU.ActiveCfg = Debug|Any CPU
		{0E6B4980-4A7E-4E4A-A2F9-615E5602F2C7}.Debug|Any CPU.Build.0 = Debug|Any CPU
		{0E6B4980-4A7E-4E4A-A2F9-615E5602F2C7}.Debug|x64.ActiveCfg = Debug|Any CPU
		{0E6B4980-4A7E-4E4A-A2F9-615E5602F2C7}.Debug|x64.Build.0 = Debug|Any CPU
		{0E6B4980-4A7E-4E4A-A2F9-615E5602F2C7}.Debug|x86.ActiveCfg = Debug|Any CPU
		{0E6B4980-4A7E-4E4A-A2F9-615E5602F2C7}.Debug|x86.Build.0 = Debug|Any CPU
		{0E6B4980-4A7E-4E4A-A2F9-615E5602F2C7}.Release|Any CPU.ActiveCfg = Release|Any CPU
		{0E6B4980-4A7E-4E4A-A2F9-615E5602F2C7}.Release|Any CPU.Build.0 = Release|Any CPU
		{0E6B4980-4A7E-4E4A-A2F9-615E5602F2C7}.Release|x64.ActiveCfg = Release|Any CPU
		{0E6B4980-4A7E-4E4A-A2F9-615E5602F2C7}.Release|x64.Build.0 = Release|Any CPU
		{0E6B4980-4A7E-4E4A-A2F9-615E5602F2C7}.Release|x86.ActiveCfg = Release|Any CPU
		{0E6B4980-4A7E-4E4A-A2F9-615E5602F2C7}.Release|x86.Build.0 = Release|Any CPU
		{701DFB6D-7953-460F-A8A9-FB347E9EC72C}.Debug|Any CPU.ActiveCfg = Debug|Any CPU
		{701DFB6D-7953-460F-A8A9-FB347E9EC72C}.Debug|Any CPU.Build.0 = Debug|Any CPU
		{701DFB6D-7953-460F-A8A9-FB347E9EC72C}.Debug|x64.ActiveCfg = Debug|Any CPU
		{701DFB6D-7953-460F-A8A9-FB347E9EC72C}.Debug|x64.Build.0 = Debug|Any CPU
		{701DFB6D-7953-460F-A8A9-FB347E9EC72C}.Debug|x86.ActiveCfg = Debug|Any CPU
		{701DFB6D-7953-460F-A8A9-FB347E9EC72C}.Debug|x86.Build.0 = Debug|Any CPU
		{701DFB6D-7953-460F-A8A9-FB347E9EC72C}.Release|Any CPU.ActiveCfg = Release|Any CPU
		{701DFB6D-7953-460F-A8A9-FB347E9EC72C}.Release|Any CPU.Build.0 = Release|Any CPU
		{701DFB6D-7953-460F-A8A9-FB347E9EC72C}.Release|x64.ActiveCfg = Release|Any CPU
		{701DFB6D-7953-460F-A8A9-FB347E9EC72C}.Release|x64.Build.0 = Release|Any CPU
		{701DFB6D-7953-460F-A8A9-FB347E9EC72C}.Release|x86.ActiveCfg = Release|Any CPU
		{701DFB6D-7953-460F-A8A9-FB347E9EC72C}.Release|x86.Build.0 = Release|Any CPU
		{BEF08237-331E-414D-83D4-72BA0B76A98A}.Debug|Any CPU.ActiveCfg = Debug|Any CPU
		{BEF08237-331E-414D-83D4-72BA0B76A98A}.Debug|Any CPU.Build.0 = Debug|Any CPU
		{BEF08237-331E-414D-83D4-72BA0B76A98A}.Debug|x64.ActiveCfg = Debug|Any CPU
		{BEF08237-331E-414D-83D4-72BA0B76A98A}.Debug|x64.Build.0 = Debug|Any CPU
		{BEF08237-331E-414D-83D4-72BA0B76A98A}.Debug|x86.ActiveCfg = Debug|Any CPU
		{BEF08237-331E-414D-83D4-72BA0B76A98A}.Debug|x86.Build.0 = Debug|Any CPU
		{BEF08237-331E-414D-83D4-72BA0B76A98A}.Release|Any CPU.ActiveCfg = Release|Any CPU
		{BEF08237-331E-414D-83D4-72BA0B76A98A}.Release|Any CPU.Build.0 = Release|Any CPU
		{BEF08237-331E-414D-83D4-72BA0B76A98A}.Release|x64.ActiveCfg = Release|Any CPU
		{BEF08237-331E-414D-83D4-72BA0B76A98A}.Release|x64.Build.0 = Release|Any CPU
		{BEF08237-331E-414D-83D4-72BA0B76A98A}.Release|x86.ActiveCfg = Release|Any CPU
		{BEF08237-331E-414D-83D4-72BA0B76A98A}.Release|x86.Build.0 = Release|Any CPU
		{3CC9E16B-C337-420E-A9D2-D7203CE4ABFE}.Debug|Any CPU.ActiveCfg = Debug|Any CPU
		{3CC9E16B-C337-420E-A9D2-D7203CE4ABFE}.Debug|Any CPU.Build.0 = Debug|Any CPU
		{3CC9E16B-C337-420E-A9D2-D7203CE4ABFE}.Debug|x64.ActiveCfg = Debug|Any CPU
		{3CC9E16B-C337-420E-A9D2-D7203CE4ABFE}.Debug|x64.Build.0 = Debug|Any CPU
		{3CC9E16B-C337-420E-A9D2-D7203CE4ABFE}.Debug|x86.ActiveCfg = Debug|Any CPU
		{3CC9E16B-C337-420E-A9D2-D7203CE4ABFE}.Debug|x86.Build.0 = Debug|Any CPU
		{3CC9E16B-C337-420E-A9D2-D7203CE4ABFE}.Release|Any CPU.ActiveCfg = Release|Any CPU
		{3CC9E16B-C337-420E-A9D2-D7203CE4ABFE}.Release|Any CPU.Build.0 = Release|Any CPU
		{3CC9E16B-C337-420E-A9D2-D7203CE4ABFE}.Release|x64.ActiveCfg = Release|Any CPU
		{3CC9E16B-C337-420E-A9D2-D7203CE4ABFE}.Release|x64.Build.0 = Release|Any CPU
		{3CC9E16B-C337-420E-A9D2-D7203CE4ABFE}.Release|x86.ActiveCfg = Release|Any CPU
		{3CC9E16B-C337-420E-A9D2-D7203CE4ABFE}.Release|x86.Build.0 = Release|Any CPU
		{C87C967A-56C2-4340-91B1-E04B7C639F0B}.Debug|Any CPU.ActiveCfg = Debug|Any CPU
		{C87C967A-56C2-4340-91B1-E04B7C639F0B}.Debug|Any CPU.Build.0 = Debug|Any CPU
		{C87C967A-56C2-4340-91B1-E04B7C639F0B}.Debug|x64.ActiveCfg = Debug|Any CPU
		{C87C967A-56C2-4340-91B1-E04B7C639F0B}.Debug|x64.Build.0 = Debug|Any CPU
		{C87C967A-56C2-4340-91B1-E04B7C639F0B}.Debug|x86.ActiveCfg = Debug|Any CPU
		{C87C967A-56C2-4340-91B1-E04B7C639F0B}.Debug|x86.Build.0 = Debug|Any CPU
		{C87C967A-56C2-4340-91B1-E04B7C639F0B}.Release|Any CPU.ActiveCfg = Release|Any CPU
		{C87C967A-56C2-4340-91B1-E04B7C639F0B}.Release|Any CPU.Build.0 = Release|Any CPU
		{C87C967A-56C2-4340-91B1-E04B7C639F0B}.Release|x64.ActiveCfg = Release|Any CPU
		{C87C967A-56C2-4340-91B1-E04B7C639F0B}.Release|x64.Build.0 = Release|Any CPU
		{C87C967A-56C2-4340-91B1-E04B7C639F0B}.Release|x86.ActiveCfg = Release|Any CPU
		{C87C967A-56C2-4340-91B1-E04B7C639F0B}.Release|x86.Build.0 = Release|Any CPU
		{2C15B0E5-565B-450C-B25D-2745A8B0E9E2}.Debug|Any CPU.ActiveCfg = Debug|Any CPU
		{2C15B0E5-565B-450C-B25D-2745A8B0E9E2}.Debug|Any CPU.Build.0 = Debug|Any CPU
		{2C15B0E5-565B-450C-B25D-2745A8B0E9E2}.Debug|x64.ActiveCfg = Debug|Any CPU
		{2C15B0E5-565B-450C-B25D-2745A8B0E9E2}.Debug|x64.Build.0 = Debug|Any CPU
		{2C15B0E5-565B-450C-B25D-2745A8B0E9E2}.Debug|x86.ActiveCfg = Debug|Any CPU
		{2C15B0E5-565B-450C-B25D-2745A8B0E9E2}.Debug|x86.Build.0 = Debug|Any CPU
		{2C15B0E5-565B-450C-B25D-2745A8B0E9E2}.Release|Any CPU.ActiveCfg = Release|Any CPU
		{2C15B0E5-565B-450C-B25D-2745A8B0E9E2}.Release|Any CPU.Build.0 = Release|Any CPU
		{2C15B0E5-565B-450C-B25D-2745A8B0E9E2}.Release|x64.ActiveCfg = Release|Any CPU
		{2C15B0E5-565B-450C-B25D-2745A8B0E9E2}.Release|x64.Build.0 = Release|Any CPU
		{2C15B0E5-565B-450C-B25D-2745A8B0E9E2}.Release|x86.ActiveCfg = Release|Any CPU
		{2C15B0E5-565B-450C-B25D-2745A8B0E9E2}.Release|x86.Build.0 = Release|Any CPU
		{B27D0C4E-2654-4ED1-B67F-56C4BD48B0C6}.Debug|Any CPU.ActiveCfg = Debug|Any CPU
		{B27D0C4E-2654-4ED1-B67F-56C4BD48B0C6}.Debug|Any CPU.Build.0 = Debug|Any CPU
		{B27D0C4E-2654-4ED1-B67F-56C4BD48B0C6}.Debug|x64.ActiveCfg = Debug|Any CPU
		{B27D0C4E-2654-4ED1-B67F-56C4BD48B0C6}.Debug|x64.Build.0 = Debug|Any CPU
		{B27D0C4E-2654-4ED1-B67F-56C4BD48B0C6}.Debug|x86.ActiveCfg = Debug|Any CPU
		{B27D0C4E-2654-4ED1-B67F-56C4BD48B0C6}.Debug|x86.Build.0 = Debug|Any CPU
		{B27D0C4E-2654-4ED1-B67F-56C4BD48B0C6}.Release|Any CPU.ActiveCfg = Release|Any CPU
		{B27D0C4E-2654-4ED1-B67F-56C4BD48B0C6}.Release|Any CPU.Build.0 = Release|Any CPU
		{B27D0C4E-2654-4ED1-B67F-56C4BD48B0C6}.Release|x64.ActiveCfg = Release|Any CPU
		{B27D0C4E-2654-4ED1-B67F-56C4BD48B0C6}.Release|x64.Build.0 = Release|Any CPU
		{B27D0C4E-2654-4ED1-B67F-56C4BD48B0C6}.Release|x86.ActiveCfg = Release|Any CPU
		{B27D0C4E-2654-4ED1-B67F-56C4BD48B0C6}.Release|x86.Build.0 = Release|Any CPU
		{02262FDE-922E-41C3-9E29-C88D466522A4}.Debug|Any CPU.ActiveCfg = Debug|Any CPU
		{02262FDE-922E-41C3-9E29-C88D466522A4}.Debug|Any CPU.Build.0 = Debug|Any CPU
		{02262FDE-922E-41C3-9E29-C88D466522A4}.Debug|x64.ActiveCfg = Debug|Any CPU
		{02262FDE-922E-41C3-9E29-C88D466522A4}.Debug|x64.Build.0 = Debug|Any CPU
		{02262FDE-922E-41C3-9E29-C88D466522A4}.Debug|x86.ActiveCfg = Debug|Any CPU
		{02262FDE-922E-41C3-9E29-C88D466522A4}.Debug|x86.Build.0 = Debug|Any CPU
		{02262FDE-922E-41C3-9E29-C88D466522A4}.Release|Any CPU.ActiveCfg = Release|Any CPU
		{02262FDE-922E-41C3-9E29-C88D466522A4}.Release|Any CPU.Build.0 = Release|Any CPU
		{02262FDE-922E-41C3-9E29-C88D466522A4}.Release|x64.ActiveCfg = Release|Any CPU
		{02262FDE-922E-41C3-9E29-C88D466522A4}.Release|x64.Build.0 = Release|Any CPU
		{02262FDE-922E-41C3-9E29-C88D466522A4}.Release|x86.ActiveCfg = Release|Any CPU
		{02262FDE-922E-41C3-9E29-C88D466522A4}.Release|x86.Build.0 = Release|Any CPU
		{45400486-BF2D-4090-BE73-A6F4201344F8}.Debug|Any CPU.ActiveCfg = Debug|Any CPU
		{45400486-BF2D-4090-BE73-A6F4201344F8}.Debug|Any CPU.Build.0 = Debug|Any CPU
		{45400486-BF2D-4090-BE73-A6F4201344F8}.Debug|x64.ActiveCfg = Debug|Any CPU
		{45400486-BF2D-4090-BE73-A6F4201344F8}.Debug|x64.Build.0 = Debug|Any CPU
		{45400486-BF2D-4090-BE73-A6F4201344F8}.Debug|x86.ActiveCfg = Debug|Any CPU
		{45400486-BF2D-4090-BE73-A6F4201344F8}.Debug|x86.Build.0 = Debug|Any CPU
		{45400486-BF2D-4090-BE73-A6F4201344F8}.Release|Any CPU.ActiveCfg = Release|Any CPU
		{45400486-BF2D-4090-BE73-A6F4201344F8}.Release|Any CPU.Build.0 = Release|Any CPU
		{45400486-BF2D-4090-BE73-A6F4201344F8}.Release|x64.ActiveCfg = Release|Any CPU
		{45400486-BF2D-4090-BE73-A6F4201344F8}.Release|x64.Build.0 = Release|Any CPU
		{45400486-BF2D-4090-BE73-A6F4201344F8}.Release|x86.ActiveCfg = Release|Any CPU
		{45400486-BF2D-4090-BE73-A6F4201344F8}.Release|x86.Build.0 = Release|Any CPU
		{1668AA59-900F-4F95-B094-6828AE68E409}.Debug|Any CPU.ActiveCfg = Debug|Any CPU
		{1668AA59-900F-4F95-B094-6828AE68E409}.Debug|Any CPU.Build.0 = Debug|Any CPU
		{1668AA59-900F-4F95-B094-6828AE68E409}.Debug|x64.ActiveCfg = Debug|Any CPU
		{1668AA59-900F-4F95-B094-6828AE68E409}.Debug|x64.Build.0 = Debug|Any CPU
		{1668AA59-900F-4F95-B094-6828AE68E409}.Debug|x86.ActiveCfg = Debug|Any CPU
		{1668AA59-900F-4F95-B094-6828AE68E409}.Debug|x86.Build.0 = Debug|Any CPU
		{1668AA59-900F-4F95-B094-6828AE68E409}.Release|Any CPU.ActiveCfg = Release|Any CPU
		{1668AA59-900F-4F95-B094-6828AE68E409}.Release|Any CPU.Build.0 = Release|Any CPU
		{1668AA59-900F-4F95-B094-6828AE68E409}.Release|x64.ActiveCfg = Release|Any CPU
		{1668AA59-900F-4F95-B094-6828AE68E409}.Release|x64.Build.0 = Release|Any CPU
		{1668AA59-900F-4F95-B094-6828AE68E409}.Release|x86.ActiveCfg = Release|Any CPU
		{1668AA59-900F-4F95-B094-6828AE68E409}.Release|x86.Build.0 = Release|Any CPU
		{B07B64BF-874A-4E9E-85A5-F3D38771DE21}.Debug|Any CPU.ActiveCfg = Debug|Any CPU
		{B07B64BF-874A-4E9E-85A5-F3D38771DE21}.Debug|Any CPU.Build.0 = Debug|Any CPU
		{B07B64BF-874A-4E9E-85A5-F3D38771DE21}.Debug|x64.ActiveCfg = Debug|Any CPU
		{B07B64BF-874A-4E9E-85A5-F3D38771DE21}.Debug|x64.Build.0 = Debug|Any CPU
		{B07B64BF-874A-4E9E-85A5-F3D38771DE21}.Debug|x86.ActiveCfg = Debug|Any CPU
		{B07B64BF-874A-4E9E-85A5-F3D38771DE21}.Debug|x86.Build.0 = Debug|Any CPU
		{B07B64BF-874A-4E9E-85A5-F3D38771DE21}.Release|Any CPU.ActiveCfg = Release|Any CPU
		{B07B64BF-874A-4E9E-85A5-F3D38771DE21}.Release|Any CPU.Build.0 = Release|Any CPU
		{B07B64BF-874A-4E9E-85A5-F3D38771DE21}.Release|x64.ActiveCfg = Release|Any CPU
		{B07B64BF-874A-4E9E-85A5-F3D38771DE21}.Release|x64.Build.0 = Release|Any CPU
		{B07B64BF-874A-4E9E-85A5-F3D38771DE21}.Release|x86.ActiveCfg = Release|Any CPU
		{B07B64BF-874A-4E9E-85A5-F3D38771DE21}.Release|x86.Build.0 = Release|Any CPU
		{DB0A76C9-B908-4C67-B1D0-31559C480A4A}.Debug|Any CPU.ActiveCfg = Debug|Any CPU
		{DB0A76C9-B908-4C67-B1D0-31559C480A4A}.Debug|Any CPU.Build.0 = Debug|Any CPU
		{DB0A76C9-B908-4C67-B1D0-31559C480A4A}.Debug|x64.ActiveCfg = Debug|Any CPU
		{DB0A76C9-B908-4C67-B1D0-31559C480A4A}.Debug|x64.Build.0 = Debug|Any CPU
		{DB0A76C9-B908-4C67-B1D0-31559C480A4A}.Debug|x86.ActiveCfg = Debug|Any CPU
		{DB0A76C9-B908-4C67-B1D0-31559C480A4A}.Debug|x86.Build.0 = Debug|Any CPU
		{DB0A76C9-B908-4C67-B1D0-31559C480A4A}.Release|Any CPU.ActiveCfg = Release|Any CPU
		{DB0A76C9-B908-4C67-B1D0-31559C480A4A}.Release|Any CPU.Build.0 = Release|Any CPU
		{DB0A76C9-B908-4C67-B1D0-31559C480A4A}.Release|x64.ActiveCfg = Release|Any CPU
		{DB0A76C9-B908-4C67-B1D0-31559C480A4A}.Release|x64.Build.0 = Release|Any CPU
		{DB0A76C9-B908-4C67-B1D0-31559C480A4A}.Release|x86.ActiveCfg = Release|Any CPU
		{DB0A76C9-B908-4C67-B1D0-31559C480A4A}.Release|x86.Build.0 = Release|Any CPU
		{3A712A26-21E5-4FBB-AB0B-16C1BE7AF44B}.Debug|Any CPU.ActiveCfg = Debug|Any CPU
		{3A712A26-21E5-4FBB-AB0B-16C1BE7AF44B}.Debug|Any CPU.Build.0 = Debug|Any CPU
		{3A712A26-21E5-4FBB-AB0B-16C1BE7AF44B}.Debug|x64.ActiveCfg = Debug|Any CPU
		{3A712A26-21E5-4FBB-AB0B-16C1BE7AF44B}.Debug|x64.Build.0 = Debug|Any CPU
		{3A712A26-21E5-4FBB-AB0B-16C1BE7AF44B}.Debug|x86.ActiveCfg = Debug|Any CPU
		{3A712A26-21E5-4FBB-AB0B-16C1BE7AF44B}.Debug|x86.Build.0 = Debug|Any CPU
		{3A712A26-21E5-4FBB-AB0B-16C1BE7AF44B}.Release|Any CPU.ActiveCfg = Release|Any CPU
		{3A712A26-21E5-4FBB-AB0B-16C1BE7AF44B}.Release|Any CPU.Build.0 = Release|Any CPU
		{3A712A26-21E5-4FBB-AB0B-16C1BE7AF44B}.Release|x64.ActiveCfg = Release|Any CPU
		{3A712A26-21E5-4FBB-AB0B-16C1BE7AF44B}.Release|x64.Build.0 = Release|Any CPU
		{3A712A26-21E5-4FBB-AB0B-16C1BE7AF44B}.Release|x86.ActiveCfg = Release|Any CPU
		{3A712A26-21E5-4FBB-AB0B-16C1BE7AF44B}.Release|x86.Build.0 = Release|Any CPU
		{CFF25FA6-291D-4860-AEBB-AD2A55AB849B}.Debug|Any CPU.ActiveCfg = Debug|Any CPU
		{CFF25FA6-291D-4860-AEBB-AD2A55AB849B}.Debug|Any CPU.Build.0 = Debug|Any CPU
		{CFF25FA6-291D-4860-AEBB-AD2A55AB849B}.Debug|x64.ActiveCfg = Debug|Any CPU
		{CFF25FA6-291D-4860-AEBB-AD2A55AB849B}.Debug|x64.Build.0 = Debug|Any CPU
		{CFF25FA6-291D-4860-AEBB-AD2A55AB849B}.Debug|x86.ActiveCfg = Debug|Any CPU
		{CFF25FA6-291D-4860-AEBB-AD2A55AB849B}.Debug|x86.Build.0 = Debug|Any CPU
		{CFF25FA6-291D-4860-AEBB-AD2A55AB849B}.Release|Any CPU.ActiveCfg = Release|Any CPU
		{CFF25FA6-291D-4860-AEBB-AD2A55AB849B}.Release|Any CPU.Build.0 = Release|Any CPU
		{CFF25FA6-291D-4860-AEBB-AD2A55AB849B}.Release|x64.ActiveCfg = Release|Any CPU
		{CFF25FA6-291D-4860-AEBB-AD2A55AB849B}.Release|x64.Build.0 = Release|Any CPU
		{CFF25FA6-291D-4860-AEBB-AD2A55AB849B}.Release|x86.ActiveCfg = Release|Any CPU
		{CFF25FA6-291D-4860-AEBB-AD2A55AB849B}.Release|x86.Build.0 = Release|Any CPU
		{67732C31-550D-4387-9B2B-6FDFB4EE205B}.Debug|Any CPU.ActiveCfg = Debug|Any CPU
		{67732C31-550D-4387-9B2B-6FDFB4EE205B}.Debug|Any CPU.Build.0 = Debug|Any CPU
		{67732C31-550D-4387-9B2B-6FDFB4EE205B}.Debug|x64.ActiveCfg = Debug|Any CPU
		{67732C31-550D-4387-9B2B-6FDFB4EE205B}.Debug|x64.Build.0 = Debug|Any CPU
		{67732C31-550D-4387-9B2B-6FDFB4EE205B}.Debug|x86.ActiveCfg = Debug|Any CPU
		{67732C31-550D-4387-9B2B-6FDFB4EE205B}.Debug|x86.Build.0 = Debug|Any CPU
		{67732C31-550D-4387-9B2B-6FDFB4EE205B}.Release|Any CPU.ActiveCfg = Release|Any CPU
		{67732C31-550D-4387-9B2B-6FDFB4EE205B}.Release|Any CPU.Build.0 = Release|Any CPU
		{67732C31-550D-4387-9B2B-6FDFB4EE205B}.Release|x64.ActiveCfg = Release|Any CPU
		{67732C31-550D-4387-9B2B-6FDFB4EE205B}.Release|x64.Build.0 = Release|Any CPU
		{67732C31-550D-4387-9B2B-6FDFB4EE205B}.Release|x86.ActiveCfg = Release|Any CPU
		{67732C31-550D-4387-9B2B-6FDFB4EE205B}.Release|x86.Build.0 = Release|Any CPU
	EndGlobalSection
	GlobalSection(SolutionProperties) = preSolution
		HideSolutionNode = FALSE
	EndGlobalSection
	GlobalSection(NestedProjects) = preSolution
		{89702D86-190A-4C0D-A751-EBBA9C3598D1} = {0306BFB8-4DB5-4877-8345-8A764A28E689}
		{0E6B4980-4A7E-4E4A-A2F9-615E5602F2C7} = {0306BFB8-4DB5-4877-8345-8A764A28E689}
		{701DFB6D-7953-460F-A8A9-FB347E9EC72C} = {0306BFB8-4DB5-4877-8345-8A764A28E689}
		{BEF08237-331E-414D-83D4-72BA0B76A98A} = {0306BFB8-4DB5-4877-8345-8A764A28E689}
		{3CC9E16B-C337-420E-A9D2-D7203CE4ABFE} = {35FBC9E0-CFBE-493E-B208-B6C1CC9C6769}
		{C87C967A-56C2-4340-91B1-E04B7C639F0B} = {35FBC9E0-CFBE-493E-B208-B6C1CC9C6769}
		{2C15B0E5-565B-450C-B25D-2745A8B0E9E2} = {B093D051-CCB5-40FA-8FA1-24B1D5C13AAB}
		{B27D0C4E-2654-4ED1-B67F-56C4BD48B0C6} = {B093D051-CCB5-40FA-8FA1-24B1D5C13AAB}
		{02262FDE-922E-41C3-9E29-C88D466522A4} = {B093D051-CCB5-40FA-8FA1-24B1D5C13AAB}
		{45400486-BF2D-4090-BE73-A6F4201344F8} = {0306BFB8-4DB5-4877-8345-8A764A28E689}
		{1668AA59-900F-4F95-B094-6828AE68E409} = {0306BFB8-4DB5-4877-8345-8A764A28E689}
		{B07B64BF-874A-4E9E-85A5-F3D38771DE21} = {0306BFB8-4DB5-4877-8345-8A764A28E689}
		{DB0A76C9-B908-4C67-B1D0-31559C480A4A} = {35FBC9E0-CFBE-493E-B208-B6C1CC9C6769}
		{3A712A26-21E5-4FBB-AB0B-16C1BE7AF44B} = {4A5A5F0C-C134-47F4-8A57-5453797A9DE7}
		{CFF25FA6-291D-4860-AEBB-AD2A55AB849B} = {BF8307A1-6073-47EC-85EF-FD68B3EF582A}
		{67732C31-550D-4387-9B2B-6FDFB4EE205B} = {D7DA6295-C9BF-4FB1-A871-0D4A899EB5D1}
	EndGlobalSection
EndGlobal
